
Microsoft Visual Studio Solution File, Format Version 12.00
# Visual Studio Version 17
VisualStudioVersion = 17.14.36518.9 d17.14
MinimumVisualStudioVersion = 10.0.40219.1
Project("{FAE04EC0-301F-11D3-BF4B-00C04F79EFBC}") = "weather-agent-vs", "weather-agent-vs.csproj", "{45BAD1DC-DF98-B4BD-C933-0EB422EA318C}"
EndProject
Global
	GlobalSection(SolutionConfigurationPlatforms) = preSolution
		Debug|Any CPU = Debug|Any CPU
		Release|Any CPU = Release|Any CPU
	EndGlobalSection
	GlobalSection(ProjectConfigurationPlatforms) = postSolution
		{45BAD1DC-DF98-B4BD-C933-0EB422EA318C}.Debug|Any CPU.ActiveCfg = Debug|Any CPU
		{45BAD1DC-DF98-B4BD-C933-0EB422EA318C}.Debug|Any CPU.Build.0 = Debug|Any CPU
		{45BAD1DC-DF98-B4BD-C933-0EB422EA318C}.Release|Any CPU.ActiveCfg = Release|Any CPU
		{45BAD1DC-DF98-B4BD-C933-0EB422EA318C}.Release|Any CPU.Build.0 = Release|Any CPU
	EndGlobalSection
	GlobalSection(SolutionProperties) = preSolution
		HideSolutionNode = FALSE
	EndGlobalSection
	GlobalSection(ExtensibilityGlobals) = postSolution
		SolutionGuid = {F886090D-259E-45BC-984D-56306C18F72C}
	EndGlobalSection
EndGlobal
